
Microsoft Visual Studio Solution File, Format Version 11.00
# Visual Studio 2010
Project("{8BC9CEB8-8B4A-11D0-8D11-00A0C91BC942}") = "LuaPlugin", "LuaPlugin\projects\LuaPlugin.vcxproj", "{36446D98-82E9-4F1D-BE54-37612E3BE2FB}"
EndProject
Project("{8BC9CEB8-8B4A-11D0-8D11-00A0C91BC942}") = "lua", "LuaPlugin\projects\lua.vcxproj", "{EB638522-A987-4986-9728-6802C73BC24A}"
EndProject
Global
	GlobalSection(SolutionConfigurationPlatforms) = preSolution
		Debug (LuaJIT)|Win32 = Debug (LuaJIT)|Win32
		Debug (LuaJIT)|x64 = Debug (LuaJIT)|x64
		Debug|Win32 = Debug|Win32
		Debug|x64 = Debug|x64
		Release (LuaJIT)|Win32 = Release (LuaJIT)|Win32
		Release (LuaJIT)|x64 = Release (LuaJIT)|x64
		Release|Win32 = Release|Win32
		Release|x64 = Release|x64
	EndGlobalSection
	GlobalSection(ProjectConfigurationPlatforms) = postSolution
		{36446D98-82E9-4F1D-BE54-37612E3BE2FB}.Debug (LuaJIT)|Win32.ActiveCfg = Debug (LuaJIT)|Win32
		{36446D98-82E9-4F1D-BE54-37612E3BE2FB}.Debug (LuaJIT)|Win32.Build.0 = Debug (LuaJIT)|Win32
		{36446D98-82E9-4F1D-BE54-37612E3BE2FB}.Debug (LuaJIT)|x64.ActiveCfg = Debug (LuaJIT)|x64
		{36446D98-82E9-4F1D-BE54-37612E3BE2FB}.Debug (LuaJIT)|x64.Build.0 = Debug (LuaJIT)|x64
		{36446D98-82E9-4F1D-BE54-37612E3BE2FB}.Debug|Win32.ActiveCfg = Debug|Win32
		{36446D98-82E9-4F1D-BE54-37612E3BE2FB}.Debug|Win32.Build.0 = Debug|Win32
		{36446D98-82E9-4F1D-BE54-37612E3BE2FB}.Debug|x64.ActiveCfg = Debug|x64
		{36446D98-82E9-4F1D-BE54-37612E3BE2FB}.Debug|x64.Build.0 = Debug|x64
		{36446D98-82E9-4F1D-BE54-37612E3BE2FB}.Release (LuaJIT)|Win32.ActiveCfg = Release (LuaJIT)|Win32
		{36446D98-82E9-4F1D-BE54-37612E3BE2FB}.Release (LuaJIT)|Win32.Build.0 = Release (LuaJIT)|Win32
		{36446D98-82E9-4F1D-BE54-37612E3BE2FB}.Release (LuaJIT)|x64.ActiveCfg = Release (LuaJIT)|x64
		{36446D98-82E9-4F1D-BE54-37612E3BE2FB}.Release (LuaJIT)|x64.Build.0 = Release (LuaJIT)|x64
		{36446D98-82E9-4F1D-BE54-37612E3BE2FB}.Release|Win32.ActiveCfg = Release|Win32
		{36446D98-82E9-4F1D-BE54-37612E3BE2FB}.Release|Win32.Build.0 = Release|Win32
		{36446D98-82E9-4F1D-BE54-37612E3BE2FB}.Release|x64.ActiveCfg = Release|x64
		{36446D98-82E9-4F1D-BE54-37612E3BE2FB}.Release|x64.Build.0 = Release|x64
		{EB638522-A987-4986-9728-6802C73BC24A}.Debug|Win32.ActiveCfg = Debug|Win32
		{EB638522-A987-4986-9728-6802C73BC24A}.Debug|Win32.Build.0 = Debug|Win32
		{EB638522-A987-4986-9728-6802C73BC24A}.Debug|x64.ActiveCfg = Debug|x64
		{EB638522-A987-4986-9728-6802C73BC24A}.Debug|x64.Build.0 = Debug|x64
		{EB638522-A987-4986-9728-6802C73BC24A}.Release|Win32.ActiveCfg = Release|Win32
		{EB638522-A987-4986-9728-6802C73BC24A}.Release|Win32.Build.0 = Release|Win32
		{EB638522-A987-4986-9728-6802C73BC24A}.Release|x64.ActiveCfg = Release|x64
		{EB638522-A987-4986-9728-6802C73BC24A}.Release|x64.Build.0 = Release|x64
	EndGlobalSection
	GlobalSection(SolutionProperties) = preSolution
		HideSolutionNode = FALSE
	EndGlobalSection
EndGlobal
